
Microsoft Visual Studio Solution File, Format Version 12.00
# Visual Studio Version 17
VisualStudioVersion = 17.0.31912.275
MinimumVisualStudioVersion = 10.0.40219.1
Project("{9A19103F-16F7-4668-BE54-9A1E7A4F7556}") = "Scratchpad", "Scratchpad\Scratchpad.csproj", "{9A45BEBC-1C4F-42C4-8C2E-5F13297472E1}"
EndProject
Global
	GlobalSection(SolutionConfigurationPlatforms) = preSolution
		Debug|Any CPU = Debug|Any CPU
		Release|Any CPU = Release|Any CPU
	EndGlobalSection
	GlobalSection(ProjectConfigurationPlatforms) = postSolution
		{9A45BEBC-1C4F-42C4-8C2E-5F13297472E1}.Debug|Any CPU.ActiveCfg = Debug|Any CPU
		{9A45BEBC-1C4F-42C4-8C2E-5F13297472E1}.Debug|Any CPU.Build.0 = Debug|Any CPU
		{9A45BEBC-1C4F-42C4-8C2E-5F13297472E1}.Release|Any CPU.ActiveCfg = Release|Any CPU
		{9A45BEBC-1C4F-42C4-8C2E-5F13297472E1}.Release|Any CPU.Build.0 = Release|Any CPU
	EndGlobalSection
	GlobalSection(SolutionProperties) = preSolution
		HideSolutionNode = FALSE
	EndGlobalSection
	GlobalSection(ExtensibilityGlobals) = postSolution
		SolutionGuid = {FA0296C5-4575-4292-A8AE-4182DCD8866D}
	EndGlobalSection
EndGlobal
